
Microsoft Visual Studio Solution File, Format Version 12.00
# Visual Studio Version 17
VisualStudioVersion = 17.6.33723.286
MinimumVisualStudioVersion = 10.0.40219.1
Project("{9A19103F-16F7-4668-BE54-9A1E7A4F7556}") = "Intermediate Course C# OOP (Mosh)", "Intermediate Course C# OOP (Mosh)\Intermediate Course C# OOP (Mosh).csproj", "{334AC19E-E492-44F9-A03A-2B994BA1BAD8}"
EndProject
Global
	GlobalSection(SolutionConfigurationPlatforms) = preSolution
		Debug|Any CPU = Debug|Any CPU
		Release|Any CPU = Release|Any CPU
	EndGlobalSection
	GlobalSection(ProjectConfigurationPlatforms) = postSolution
		{334AC19E-E492-44F9-A03A-2B994BA1BAD8}.Debug|Any CPU.ActiveCfg = Debug|Any CPU
		{334AC19E-E492-44F9-A03A-2B994BA1BAD8}.Debug|Any CPU.Build.0 = Debug|Any CPU
		{334AC19E-E492-44F9-A03A-2B994BA1BAD8}.Release|Any CPU.ActiveCfg = Release|Any CPU
		{334AC19E-E492-44F9-A03A-2B994BA1BAD8}.Release|Any CPU.Build.0 = Release|Any CPU
	EndGlobalSection
	GlobalSection(SolutionProperties) = preSolution
		HideSolutionNode = FALSE
	EndGlobalSection
	GlobalSection(ExtensibilityGlobals) = postSolution
		SolutionGuid = {BB322452-9BCC-4A66-8418-5DA99C6907CA}
	EndGlobalSection
EndGlobal
